Microsoft Visual Studio Solution File, Format Version 12.00
# Visual Studio Version 17
VisualStudioVersion = 17.5.2.0
MinimumVisualStudioVersion = 10.0.40219.1
Project("{FAE04EC0-301F-11D3-BF4B-00C04F79EFBC}") = "MyNewApp", "MyNewApp.csproj", "{C05785C0-75A9-AA0C-ECF9-681384218C03}"
EndProject
Global
	GlobalSection(SolutionConfigurationPlatforms) = preSolution
		Debug|Any CPU = Debug|Any CPU
		Release|Any CPU = Release|Any CPU
	EndGlobalSection
	GlobalSection(ProjectConfigurationPlatforms) = postSolution
		{C05785C0-75A9-AA0C-ECF9-681384218C03}.Debug|Any CPU.ActiveCfg = Debug|Any CPU
		{C05785C0-75A9-AA0C-ECF9-681384218C03}.Debug|Any CPU.Build.0 = Debug|Any CPU
		{C05785C0-75A9-AA0C-ECF9-681384218C03}.Release|Any CPU.ActiveCfg = Release|Any CPU
		{C05785C0-75A9-AA0C-ECF9-681384218C03}.Release|Any CPU.Build.0 = Release|Any CPU
	EndGlobalSection
	GlobalSection(SolutionProperties) = preSolution
		HideSolutionNode = FALSE
	EndGlobalSection
	GlobalSection(ExtensibilityGlobals) = postSolution
		SolutionGuid = {B0926412-9C7F-4A07-9CFB-E98BA70AB6B5}
	EndGlobalSection
EndGlobal
